// !$*UTF8*$!
{
	archiveVersion = 1;
	classes = {
	};
	objectVersion = 46;
	objects = {

/* Begin PBXBuildFile section */
		99AE8BF31EB3768700EDF4F3 /* AppDelegate.m in Sources */ = {isa = PBXBuildFile; fileRef = 99AE8BF21EB3768700EDF4F3 /* AppDelegate.m */; };
		99AE8BF51EB3768700EDF4F3 /* main.m in Sources */ = {isa = PBXBuildFile; fileRef = 99AE8BF41EB3768700EDF4F3 /* main.m */; };
		99AE8BF71EB3768700EDF4F3 /* Images.xcassets in Resources */ = {isa = PBXBuildFile; fileRef = 99AE8BF61EB3768700EDF4F3 /* Images.xcassets */; };
		99AE8BFA1EB3768700EDF4F3 /* MainMenu.xib in Resources */ = {isa = PBXBuildFile; fileRef = 99AE8BF81EB3768700EDF4F3 /* MainMenu.xib */; };
		99AE8C061EB3768800EDF4F3 /* MyTableTests.m in Sources */ = {isa = PBXBuildFile; fileRef = 99AE8C051EB3768800EDF4F3 /* MyTableTests.m */; };
		99AE8C111EB377E000EDF4F3 /* MyTableController.m in Sources */ = {isa = PBXBuildFile; fileRef = 99AE8C101EB377E000EDF4F3 /* MyTableController.m */; };
		99AE8C131EB484F200EDF4F3 /* DSC_0106.jpg in Resources */ = {isa = PBXBuildFile; fileRef = 99AE8C121EB484F200EDF4F3 /* DSC_0106.jpg */; };
/* End PBXBuildFile section */

/* Begin PBXContainerItemProxy section */
		99AE8C001EB3768800EDF4F3 /* PBXContainerItemProxy */ = {
			isa = PBXContainerItemProxy;
			containerPortal = 99AE8BE41EB3768700EDF4F3 /* Project object */;
			proxyType = 1;
			remoteGlobalIDString = 99AE8BEB1EB3768700EDF4F3;
			remoteInfo = MyTable;
		};
/* End PBXContainerItemProxy section */

/* Begin PBXFileReference section */
		99AE8BEC1EB3768700EDF4F3 /* MyTable.app */ = {isa = PBXFileReference; explicitFileType = wrapper.application; includeInIndex = 0; path = MyTable.app; sourceTree = BUILT_PRODUCTS_DIR; };
		99AE8BF01EB3768700EDF4F3 /* Info.plist */ = {isa = PBXFileReference; lastKnownFileType = text.plist.xml; path = Info.plist; sourceTree = "<group>"; };
		99AE8BF11EB3768700EDF4F3 /* AppDelegate.h */ = {isa = PBXFileReference; lastKnownFileType = sourcecode.c.h; path = AppDelegate.h; sourceTree = "<group>"; };
		99AE8BF21EB3768700EDF4F3 /* AppDelegate.m */ = {isa = PBXFileReference; lastKnownFileType = sourcecode.c.objc; path = AppDelegate.m; sourceTree = "<group>"; };
		99AE8BF41EB3768700EDF4F3 /* main.m */ = {isa = PBXFileReference; lastKnownFileType = sourcecode.c.objc; path = main.m; sourceTree = "<group>"; };
		99AE8BF61EB3768700EDF4F3 /* Images.xcassets */ = {isa = PBXFileReference; lastKnownFileType = folder.assetcatalog; path = Images.xcassets; sourceTree = "<group>"; };
		99AE8BF91EB3768700EDF4F3 /* Base */ = {isa = PBXFileReference; lastKnownFileType = file.xib; name = Base; path = Base.lproj/MainMenu.xib; sourceTree = "<group>"; };
		99AE8BFF1EB3768800EDF4F3 /* MyTableTests.xctest */ = {isa = PBXFileReference; explicitFileType = wrapper.cfbundle; includeInIndex = 0; path = MyTableTests.xctest; sourceTree = BUILT_PRODUCTS_DIR; };
		99AE8C041EB3768800EDF4F3 /* Info.plist */ = {isa = PBXFileReference; lastKnownFileType = text.plist.xml; path = Info.plist; sourceTree = "<group>"; };
		99AE8C051EB3768800EDF4F3 /* MyTableTests.m */ = {isa = PBXFileReference; lastKnownFileType = sourcecode.c.objc; path = MyTableTests.m; sourceTree = "<group>"; };
		99AE8C0F1EB377E000EDF4F3 /* MyTableController.h */ = {isa = PBXFileReference; fileEncoding = 4; lastKnownFileType = sourcecode.c.h; path = MyTableController.h; sourceTree = "<group>"; };
		99AE8C101EB377E000EDF4F3 /* MyTableController.m */ = {isa = PBXFileReference; fileEncoding = 4; lastKnownFileType = sourcecode.c.objc; path = MyTableController.m; sourceTree = "<group>"; };
		99AE8C121EB484F200EDF4F3 /* DSC_0106.jpg */ = {isa = PBXFileReference; lastKnownFileType = image.jpeg; name = DSC_0106.jpg; path = Images.xcassets/DSC_0106.jpg; sourceTree = "<group>"; };
/* End PBXFileReference section */

/* Begin PBXFrameworksBuildPhase section */
		99AE8BE91EB3768700EDF4F3 /* Frameworks */ = {
			isa = PBXFrameworksBuildPhase;
			buildActionMask = 2147483647;
			files = (
			);
			runOnlyForDeploymentPostprocessing = 0;
		};
		99AE8BFC1EB3768800EDF4F3 /* Frameworks */ = {
			isa = PBXFrameworksBuildPhase;
			buildActionMask = 2147483647;
			files = (
			);
			runOnlyForDeploymentPostprocessing = 0;
		};
/* End PBXFrameworksBuildPhase section */

/* Begin PBXGroup section */
		99AE8BE31EB3768700EDF4F3 = {
			isa = PBXGroup;
			children = (
				99AE8BEE1EB3768700EDF4F3 /* MyTable */,
				99AE8C021EB3768800EDF4F3 /* MyTableTests */,
				99AE8BED1EB3768700EDF4F3 /* Products */,
			);
			sourceTree = "<group>";
		};
		99AE8BED1EB3768700EDF4F3 /* Products */ = {
			isa = PBXGroup;
			children = (
				99AE8BEC1EB3768700EDF4F3 /* MyTable.app */,
				99AE8BFF1EB3768800EDF4F3 /* MyTableTests.xctest */,
			);
			name = Products;
			sourceTree = "<group>";
		};
		99AE8BEE1EB3768700EDF4F3 /* MyTable */ = {
			isa = PBXGroup;
			children = (
				99AE8BF11EB3768700EDF4F3 /* AppDelegate.h */,
				99AE8BF21EB3768700EDF4F3 /* AppDelegate.m */,
				99AE8BF61EB3768700EDF4F3 /* Images.xcassets */,
				99AE8BF81EB3768700EDF4F3 /* MainMenu.xib */,
				99AE8C0F1EB377E000EDF4F3 /* MyTableController.h */,
				99AE8C101EB377E000EDF4F3 /* MyTableController.m */,
				99AE8BEF1EB3768700EDF4F3 /* Supporting Files */,
			);
			path = MyTable;
			sourceTree = "<group>";
		};
		99AE8BEF1EB3768700EDF4F3 /* Supporting Files */ = {
			isa = PBXGroup;
			children = (
				99AE8C121EB484F200EDF4F3 /* DSC_0106.jpg */,
				99AE8BF01EB3768700EDF4F3 /* Info.plist */,
				99AE8BF41EB3768700EDF4F3 /* main.m */,
			);
			name = "Supporting Files";
			sourceTree = "<group>";
		};
		99AE8C021EB3768800EDF4F3 /* MyTableTests */ = {
			isa = PBXGroup;
			children = (
				99AE8C051EB3768800EDF4F3 /* MyTableTests.m */,
				99AE8C031EB3768800EDF4F3 /* Supporting Files */,
			);
			path = MyTableTests;
			sourceTree = "<group>";
		};
		99AE8C031EB3768800EDF4F3 /* Supporting Files */ = {
			isa = PBXGroup;
			children = (
				99AE8C041EB3768800EDF4F3 /* Info.plist */,
			);
			name = "Supporting Files";
			sourceTree = "<group>";
		};
/* End PBXGroup section */

/* Begin PBXNativeTarget section */
		99AE8BEB1EB3768700EDF4F3 /* MyTable */ = {
			isa = PBXNativeTarget;
			buildConfigurationList = 99AE8C091EB3768800EDF4F3 /* Build configuration list for PBXNativeTarget "MyTable" */;
			buildPhases = (
				99AE8BE81EB3768700EDF4F3 /* Sources */,
				99AE8BE91EB3768700EDF4F3 /* Frameworks */,
				99AE8BEA1EB3768700EDF4F3 /* Resources */,
			);
			buildRules = (
			);
			dependencies = (
			);
			name = MyTable;
			productName = MyTable;
			productReference = 99AE8BEC1EB3768700EDF4F3 /* MyTable.app */;
			productType = "com.apple.product-type.application";
		};
		99AE8BFE1EB3768800EDF4F3 /* MyTableTests */ = {
			isa = PBXNativeTarget;
			buildConfigurationList = 99AE8C0C1EB3768800EDF4F3 /* Build configuration list for PBXNativeTarget "MyTableTests" */;
			buildPhases = (
				99AE8BFB1EB3768800EDF4F3 /* Sources */,
				99AE8BFC1EB3768800EDF4F3 /* Frameworks */,
				99AE8BFD1EB3768800EDF4F3 /* Resources */,
			);
			buildRules = (
			);
			dependencies = (
				99AE8C011EB3768800EDF4F3 /* PBXTargetDependency */,
			);
			name = MyTableTests;
			productName = MyTableTests;
			productReference = 99AE8BFF1EB3768800EDF4F3 /* MyTableTests.xctest */;
			productType = "com.apple.product-type.bundle.unit-test";
		};
/* End PBXNativeTarget section */

/* Begin PBXProject section */
		99AE8BE41EB3768700EDF4F3 /* Project object */ = {
			isa = PBXProject;
			attributes = {
				LastUpgradeCheck = 0620;
				ORGANIZATIONNAME = "Toshimi Ataku";
				TargetAttributes = {
					99AE8BEB1EB3768700EDF4F3 = {
						CreatedOnToolsVersion = 6.2;
					};
					99AE8BFE1EB3768800EDF4F3 = {
						CreatedOnToolsVersion = 6.2;
						TestTargetID = 99AE8BEB1EB3768700EDF4F3;
					};
				};
			};
			buildConfigurationList = 99AE8BE71EB3768700EDF4F3 /* Build configuration list for PBXProject "MyTable" */;
			compatibilityVersion = "Xcode 3.2";
			developmentRegion = English;
			hasScannedForEncodings = 0;
			knownRegions = (
				en,
				Base,
			);
			mainGroup = 99AE8BE31EB3768700EDF4F3;
			productRefGroup = 99AE8BED1EB3768700EDF4F3 /* Products */;
			projectDirPath = "";
			projectRoot = "";
			targets = (
				99AE8BEB1EB3768700EDF4F3 /* MyTable */,
				99AE8BFE1EB3768800EDF4F3 /* MyTableTests */,
			);
		};
/* End PBXProject section */

/* Begin PBXResourcesBuildPhase section */
		99AE8BEA1EB3768700EDF4F3 /* Resources */ = {
			isa = PBXResourcesBuildPhase;
			buildActionMask = 2147483647;
			files = (
				99AE8BF71EB3768700EDF4F3 /* Images.xcassets in Resources */,
				99AE8C131EB484F200EDF4F3 /* DSC_0106.jpg in Resources */,
				99AE8BFA1EB3768700EDF4F3 /* MainMenu.xib in Resources */,
			);
			runOnlyForDeploymentPostprocessing = 0;
		};
		99AE8BFD1EB3768800EDF4F3 /* Resources */ = {
			isa = PBXResourcesBuildPhase;
			buildActionMask = 2147483647;
			files = (
			);
			runOnlyForDeploymentPostprocessing = 0;
		};
/* End PBXResourcesBuildPhase section */

/* Begin PBXSourcesBuildPhase section */
		99AE8BE81EB3768700EDF4F3 /* Sources */ = {
			isa = PBXSourcesBuildPhase;
			buildActionMask = 2147483647;
			files = (
				99AE8BF51EB3768700EDF4F3 /* main.m in Sources */,
				99AE8C111EB377E000EDF4F3 /* MyTableController.m in Sources */,
				99AE8BF31EB3768700EDF4F3 /* AppDelegate.m in Sources */,
			);
			runOnlyForDeploymentPostprocessing = 0;
		};
		99AE8BFB1EB3768800EDF4F3 /* Sources */ = {
			isa = PBXSourcesBuildPhase;
			buildActionMask = 2147483647;
			files = (
				99AE8C061EB3768800EDF4F3 /* MyTableTests.m in Sources */,
			);
			runOnlyForDeploymentPostprocessing = 0;
		};
/* End PBXSourcesBuildPhase section */

/* Begin PBXTargetDependency section */
		99AE8C011EB3768800EDF4F3 /* PBXTargetDependency */ = {
			isa = PBXTargetDependency;
			target = 99AE8BEB1EB3768700EDF4F3 /* MyTable */;
			targetProxy = 99AE8C001EB3768800EDF4F3 /* PBXContainerItemProxy */;
		};
/* End PBXTargetDependency section */

/* Begin PBXVariantGroup section */
		99AE8BF81EB3768700EDF4F3 /* MainMenu.xib */ = {
			isa = PBXVariantGroup;
			children = (
				99AE8BF91EB3768700EDF4F3 /* Base */,
			);
			name = MainMenu.xib;
			sourceTree = "<group>";
		};
/* End PBXVariantGroup section */

/* Begin XCBuildConfiguration section */
		99AE8C071EB3768800EDF4F3 /* Debug */ = {
			isa = XCBuildConfiguration;
			buildSettings = {
				ALWAYS_SEARCH_USER_PATHS = NO;
				CLANG_CXX_LANGUAGE_STANDARD = "gnu++0x";
				CLANG_CXX_LIBRARY = "libc++";
				CLANG_ENABLE_MODULES = YES;
				CLANG_ENABLE_OBJC_ARC = YES;
				CLANG_WARN_BOOL_CONVERSION = YES;
				CLANG_WARN_CONSTANT_CONVERSION = YES;
				CLANG_WARN_DIRECT_OBJC_ISA_USAGE = YES_ERROR;
				CLANG_WARN_EMPTY_BODY = YES;
				CLANG_WARN_ENUM_CONVERSION = YES;
				CLANG_WARN_INT_CONVERSION = YES;
				CLANG_WARN_OBJC_ROOT_CLASS = YES_ERROR;
				CLANG_WARN_UNREACHABLE_CODE = YES;
				CLANG_WARN__DUPLICATE_METHOD_MATCH = YES;
				CODE_SIGN_IDENTITY = "-";
				COPY_PHASE_STRIP = NO;
				ENABLE_STRICT_OBJC_MSGSEND = YES;
				GCC_C_LANGUAGE_STANDARD = gnu99;
				GCC_DYNAMIC_NO_PIC = NO;
				GCC_OPTIMIZATION_LEVEL = 0;
				GCC_PREPROCESSOR_DEFINITIONS = (
					"DEBUG=1",
					"$(inherited)",
				);
				GCC_SYMBOLS_PRIVATE_EXTERN = NO;
				GCC_WARN_64_TO_32_BIT_CONVERSION = YES;
				GCC_WARN_ABOUT_RETURN_TYPE = YES_ERROR;
				GCC_WARN_UNDECLARED_SELECTOR = YES;
				GCC_WARN_UNINITIALIZED_AUTOS = YES_AGGRESSIVE;
				GCC_WARN_UNUSED_FUNCTION = YES;
				GCC_WARN_UNUSED_VARIABLE = YES;
				MACOSX_DEPLOYMENT_TARGET = 10.9;
				MTL_ENABLE_DEBUG_INFO = YES;
				ONLY_ACTIVE_ARCH = YES;
				SDKROOT = macosx;
			};
			name = Debug;
		};
		99AE8C081EB3768800EDF4F3 /* Release */ = {
			isa = XCBuildConfiguration;
			buildSettings = {
				ALWAYS_SEARCH_USER_PATHS = NO;
				CLANG_CXX_LANGUAGE_STANDARD = "gnu++0x";
				CLANG_CXX_LIBRARY = "libc++";
				CLANG_ENABLE_MODULES = YES;
				CLANG_ENABLE_OBJC_ARC = YES;
				CLANG_WARN_BOOL_CONVERSION = YES;
				CLANG_WARN_CONSTANT_CONVERSION = YES;
				CLANG_WARN_DIRECT_OBJC_ISA_USAGE = YES_ERROR;
				CLANG_WARN_EMPTY_BODY = YES;
				CLANG_WARN_ENUM_CONVERSION = YES;
				CLANG_WARN_INT_CONVERSION = YES;
				CLANG_WARN_OBJC_ROOT_CLASS = YES_ERROR;
				CLANG_WARN_UNREACHABLE_CODE = YES;
				CLANG_WARN__DUPLICATE_METHOD_MATCH = YES;
				CODE_SIGN_IDENTITY = "-";
				COPY_PHASE_STRIP = NO;
				DEBUG_INFORMATION_FORMAT = "dwarf-with-dsym";
				ENABLE_NS_ASSERTIONS = NO;
				ENABLE_STRICT_OBJC_MSGSEND = YES;
				GCC_C_LANGUAGE_STANDARD = gnu99;
				GCC_WARN_64_TO_32_BIT_CONVERSION = YES;
				GCC_WARN_ABOUT_RETURN_TYPE = YES_ERROR;
				GCC_WARN_UNDECLARED_SELECTOR = YES;
				GCC_WARN_UNINITIALIZED_AUTOS = YES_AGGRESSIVE;
				GCC_WARN_UNUSED_FUNCTION = YES;
				GCC_WARN_UNUSED_VARIABLE = YES;
				MACOSX_DEPLOYMENT_TARGET = 10.9;
				MTL_ENABLE_DEBUG_INFO = NO;
				SDKROOT = macosx;
			};
			name = Release;
		};
		99AE8C0A1EB3768800EDF4F3 /* Debug */ = {
			isa = XCBuildConfiguration;
			buildSettings = {
				ASSETCATALOG_COMPILER_APPICON_NAME = AppIcon;
				COMBINE_HIDPI_IMAGES = YES;
				INFOPLIST_FILE = MyTable/Info.plist;
				LD_RUNPATH_SEARCH_PATHS = "$(inherited) @executable_path/../Frameworks";
				PRODUCT_NAME = "$(TARGET_NAME)";
			};
			name = Debug;
		};
		99AE8C0B1EB3768800EDF4F3 /* Release */ = {
			isa = XCBuildConfiguration;
			buildSettings = {
				ASSETCATALOG_COMPILER_APPICON_NAME = AppIcon;
				COMBINE_HIDPI_IMAGES = YES;
				INFOPLIST_FILE = MyTable/Info.plist;
				LD_RUNPATH_SEARCH_PATHS = "$(inherited) @executable_path/../Frameworks";
				PRODUCT_NAME = "$(TARGET_NAME)";
			};
			name = Release;
		};
		99AE8C0D1EB3768800EDF4F3 /* Debug */ = {
			isa = XCBuildConfiguration;
			buildSettings = {
				BUNDLE_LOADER = "$(TEST_HOST)";
				COMBINE_HIDPI_IMAGES = YES;
				FRAMEWORK_SEARCH_PATHS = (
					"$(DEVELOPER_FRAMEWORKS_DIR)",
					"$(inherited)",
				);
				GCC_PREPROCESSOR_DEFINITIONS = (
					"DEBUG=1",
					"$(inherited)",
				);
				INFOPLIST_FILE = MyTableTests/Info.plist;
				LD_RUNPATH_SEARCH_PATHS = "$(inherited) @executable_path/../Frameworks @loader_path/../Frameworks";
				PRODUCT_NAME = "$(TARGET_NAME)";
				TEST_HOST = "$(BUILT_PRODUCTS_DIR)/MyTable.app/Contents/MacOS/MyTable";
			};
			name = Debug;
		};
		99AE8C0E1EB3768800EDF4F3 /* Release */ = {
			isa = XCBuildConfiguration;
			buildSettings = {
				BUNDLE_LOADER = "$(TEST_HOST)";
				COMBINE_HIDPI_IMAGES = YES;
				FRAMEWORK_SEARCH_PATHS = (
					"$(DEVELOPER_FRAMEWORKS_DIR)",
					"$(inherited)",
				);
				INFOPLIST_FILE = MyTableTests/Info.plist;
				LD_RUNPATH_SEARCH_PATHS = "$(inherited) @executable_path/../Frameworks @loader_path/../Frameworks";
				PRODUCT_NAME = "$(TARGET_NAME)";
				TEST_HOST = "$(BUILT_PRODUCTS_DIR)/MyTable.app/Contents/MacOS/MyTable";
			};
			name = Release;
		};
/* End XCBuildConfiguration section */

/* Begin XCConfigurationList section */
		99AE8BE71EB3768700EDF4F3 /* Build configuration list for PBXProject "MyTable" */ = {
			isa = XCConfigurationList;
			buildConfigurations = (
				99AE8C071EB3768800EDF4F3 /* Debug */,
				99AE8C081EB3768800EDF4F3 /* Release */,
			);
			defaultConfigurationIsVisible = 0;
			defaultConfigurationName = Release;
		};
		99AE8C091EB3768800EDF4F3 /* Build configuration list for PBXNativeTarget "MyTable" */ = {
			isa = XCConfigurationList;
			buildConfigurations = (
				99AE8C0A1EB3768800EDF4F3 /* Debug */,
				99AE8C0B1EB3768800EDF4F3 /* Release */,
			);
			defaultConfigurationIsVisible = 0;
		};
		99AE8C0C1EB3768800EDF4F3 /* Build configuration list for PBXNativeTarget "MyTableTests" */ = {
			isa = XCConfigurationList;
			buildConfigurations = (
				99AE8C0D1EB3768800EDF4F3 /* Debug */,
				99AE8C0E1EB3768800EDF4F3 /* Release */,
			);
			defaultConfigurationIsVisible = 0;
		};
/* End XCConfigurationList section */
	};
	rootObject = 99AE8BE41EB3768700EDF4F3 /* Project object */;
}
